// !$*UTF8*$!
{
	archiveVersion = 1;
	classes = {
	};
	objectVersion = 55;
	objects = {

/* Begin PBXBuildFile section */
		CEA8046928A237BA008C31E2 /* VideoTableViewCell.swift in Sources */ = {isa = PBXBuildFile; fileRef = CEA8046828A237BA008C31E2 /* VideoTableViewCell.swift */; };
		CEB9B79B289B8EF900D7B514 /* AppDelegate.swift in Sources */ = {isa = PBXBuildFile; fileRef = CEB9B79A289B8EF900D7B514 /* AppDelegate.swift */; };
		CEB9B79D289B8EF900D7B514 /* SceneDelegate.swift in Sources */ = {isa = PBXBuildFile; fileRef = CEB9B79C289B8EF900D7B514 /* SceneDelegate.swift */; };
		CEB9B79F289B8EF900D7B514 /* ViewController.swift in Sources */ = {isa = PBXBuildFile; fileRef = CEB9B79E289B8EF900D7B514 /* ViewController.swift */; };
		CEB9B7A2289B8EF900D7B514 /* Main.storyboard in Resources */ = {isa = PBXBuildFile; fileRef = CEB9B7A0289B8EF900D7B514 /* Main.storyboard */; };
		CEB9B7A4289B8EFC00D7B514 /* Assets.xcassets in Resources */ = {isa = PBXBuildFile; fileRef = CEB9B7A3289B8EFC00D7B514 /* Assets.xcassets */; };
		CEB9B7A7289B8EFC00D7B514 /* LaunchScreen.storyboard in Resources */ = {isa = PBXBuildFile; fileRef = CEB9B7A5289B8EFC00D7B514 /* LaunchScreen.storyboard */; };
		D44275FAB998EA7561D04B2C /* Pods_TikTok.framework in Frameworks */ = {isa = PBXBuildFile; fileRef = FC060B34C0220D1ABED4E473 /* Pods_TikTok.framework */; };
/* End PBXBuildFile section */

/* Begin PBXFileReference section */
		1C45D4C84E1BADE13BE5CD72 /* Pods-TikTok.debug.xcconfig */ = {isa = PBXFileReference; includeInIndex = 1; lastKnownFileType = text.xcconfig; name = "Pods-TikTok.debug.xcconfig"; path = "Target Support Files/Pods-TikTok/Pods-TikTok.debug.xcconfig"; sourceTree = "<group>"; };
		85EE94C18816DB53DD62ACB1 /* Pods-TikTok.release.xcconfig */ = {isa = PBXFileReference; includeInIndex = 1; lastKnownFileType = text.xcconfig; name = "Pods-TikTok.release.xcconfig"; path = "Target Support Files/Pods-TikTok/Pods-TikTok.release.xcconfig"; sourceTree = "<group>"; };
		CEA8046828A237BA008C31E2 /* VideoTableViewCell.swift */ = {isa = PBXFileReference; lastKnownFileType = sourcecode.swift; path = VideoTableViewCell.swift; sourceTree = "<group>"; };
		CEB9B797289B8EF900D7B514 /* TikTok.app */ = {isa = PBXFileReference; explicitFileType = wrapper.application; includeInIndex = 0; path = TikTok.app; sourceTree = BUILT_PRODUCTS_DIR; };
		CEB9B79A289B8EF900D7B514 /* AppDelegate.swift */ = {isa = PBXFileReference; lastKnownFileType = sourcecode.swift; path = AppDelegate.swift; sourceTree = "<group>"; };
		CEB9B79C289B8EF900D7B514 /* SceneDelegate.swift */ = {isa = PBXFileReference; lastKnownFileType = sourcecode.swift; path = SceneDelegate.swift; sourceTree = "<group>"; };
		CEB9B79E289B8EF900D7B514 /* ViewController.swift */ = {isa = PBXFileReference; lastKnownFileType = sourcecode.swift; path = ViewController.swift; sourceTree = "<group>"; };
		CEB9B7A1289B8EF900D7B514 /* Base */ = {isa = PBXFileReference; lastKnownFileType = file.storyboard; name = Base; path = Base.lproj/Main.storyboard; sourceTree = "<group>"; };
		CEB9B7A3289B8EFC00D7B514 /* Assets.xcassets */ = {isa = PBXFileReference; lastKnownFileType = folder.assetcatalog; path = Assets.xcassets; sourceTree = "<group>"; };
		CEB9B7A6289B8EFC00D7B514 /* Base */ = {isa = PBXFileReference; lastKnownFileType = file.storyboard; name = Base; path = Base.lproj/LaunchScreen.storyboard; sourceTree = "<group>"; };
		CEB9B7A8289B8EFC00D7B514 /* Info.plist */ = {isa = PBXFileReference; lastKnownFileType = text.plist.xml; path = Info.plist; sourceTree = "<group>"; };
		FC060B34C0220D1ABED4E473 /* Pods_TikTok.framework */ = {isa = PBXFileReference; explicitFileType = wrapper.framework; includeInIndex = 0; path = Pods_TikTok.framework; sourceTree = BUILT_PRODUCTS_DIR; };
/* End PBXFileReference section */

/* Begin PBXFrameworksBuildPhase section */
		CEB9B794289B8EF900D7B514 /* Frameworks */ = {
			isa = PBXFrameworksBuildPhase;
			buildActionMask = 2147483647;
			files = (
				D44275FAB998EA7561D04B2C /* Pods_TikTok.framework in Frameworks */,
			);
			runOnlyForDeploymentPostprocessing = 0;
		};
/* End PBXFrameworksBuildPhase section */

/* Begin PBXGroup section */
		30F1FDE5B25E8652C4FF52AA /* Pods */ = {
			isa = PBXGroup;
			children = (
				1C45D4C84E1BADE13BE5CD72 /* Pods-TikTok.debug.xcconfig */,
				85EE94C18816DB53DD62ACB1 /* Pods-TikTok.release.xcconfig */,
			);
			path = Pods;
			sourceTree = "<group>";
		};
		920BE7F3C55989A057367A35 /* Frameworks */ = {
			isa = PBXGroup;
			children = (
				FC060B34C0220D1ABED4E473 /* Pods_TikTok.framework */,
			);
			name = Frameworks;
			sourceTree = "<group>";
		};
		CEB9B78E289B8EF900D7B514 = {
			isa = PBXGroup;
			children = (
				CEB9B799289B8EF900D7B514 /* TikTok */,
				CEB9B798289B8EF900D7B514 /* Products */,
				30F1FDE5B25E8652C4FF52AA /* Pods */,
				920BE7F3C55989A057367A35 /* Frameworks */,
			);
			sourceTree = "<group>";
		};
		CEB9B798289B8EF900D7B514 /* Products */ = {
			isa = PBXGroup;
			children = (
				CEB9B797289B8EF900D7B514 /* TikTok.app */,
			);
			name = Products;
			sourceTree = "<group>";
		};
		CEB9B799289B8EF900D7B514 /* TikTok */ = {
			isa = PBXGroup;
			children = (
				CEB9B79A289B8EF900D7B514 /* AppDelegate.swift */,
				CEB9B79C289B8EF900D7B514 /* SceneDelegate.swift */,
				CEB9B79E289B8EF900D7B514 /* ViewController.swift */,
				CEA8046828A237BA008C31E2 /* VideoTableViewCell.swift */,
				CEB9B7A0289B8EF900D7B514 /* Main.storyboard */,
				CEB9B7A3289B8EFC00D7B514 /* Assets.xcassets */,
				CEB9B7A5289B8EFC00D7B514 /* LaunchScreen.storyboard */,
				CEB9B7A8289B8EFC00D7B514 /* Info.plist */,
			);
			path = TikTok;
			sourceTree = "<group>";
		};
/* End PBXGroup section */

/* Begin PBXNativeTarget section */
		CEB9B796289B8EF900D7B514 /* TikTok */ = {
			isa = PBXNativeTarget;
			buildConfigurationList = CEB9B7AB289B8EFC00D7B514 /* Build configuration list for PBXNativeTarget "TikTok" */;
			buildPhases = (
				70BE6A933DC0178DB8C98B00 /* [CP] Check Pods Manifest.lock */,
				CEB9B793289B8EF900D7B514 /* Sources */,
				CEB9B794289B8EF900D7B514 /* Frameworks */,
				CEB9B795289B8EF900D7B514 /* Resources */,
				9A89339C4E922D70F5BFE2B9 /* [CP] Embed Pods Frameworks */,
			);
			buildRules = (
			);
			dependencies = (
			);
			name = TikTok;
			productName = TikTok;
			productReference = CEB9B797289B8EF900D7B514 /* TikTok.app */;
			productType = "com.apple.product-type.application";
		};
/* End PBXNativeTarget section */

/* Begin PBXProject section */
		CEB9B78F289B8EF900D7B514 /* Project object */ = {
			isa = PBXProject;
			attributes = {
				BuildIndependentTargetsInParallel = 1;
				LastSwiftUpdateCheck = 1320;
				LastUpgradeCheck = 1320;
				TargetAttributes = {
					CEB9B796289B8EF900D7B514 = {
						CreatedOnToolsVersion = 13.2.1;
					};
				};
			};
			buildConfigurationList = CEB9B792289B8EF900D7B514 /* Build configuration list for PBXProject "TikTok" */;
			compatibilityVersion = "Xcode 13.0";
			developmentRegion = en;
			hasScannedForEncodings = 0;
			knownRegions = (
				en,
				Base,
			);
			mainGroup = CEB9B78E289B8EF900D7B514;
			productRefGroup = CEB9B798289B8EF900D7B514 /* Products */;
			projectDirPath = "";
			projectRoot = "";
			targets = (
				CEB9B796289B8EF900D7B514 /* TikTok */,
			);
		};
/* End PBXProject section */

/* Begin PBXResourcesBuildPhase section */
		CEB9B795289B8EF900D7B514 /* Resources */ = {
			isa = PBXResourcesBuildPhase;
			buildActionMask = 2147483647;
			files = (
				CEB9B7A7289B8EFC00D7B514 /* LaunchScreen.storyboard in Resources */,
				CEB9B7A4289B8EFC00D7B514 /* Assets.xcassets in Resources */,
				CEB9B7A2289B8EF900D7B514 /* Main.storyboard in Resources */,
			);
			runOnlyForDeploymentPostprocessing = 0;
		};
/* End PBXResourcesBuildPhase section */

/* Begin PBXShellScriptBuildPhase section */
		70BE6A933DC0178DB8C98B00 /* [CP] Check Pods Manifest.lock */ = {
			isa = PBXShellScriptBuildPhase;
			buildActionMask = 2147483647;
			files = (
			);
			inputFileListPaths = (
			);
			inputPaths = (
				"${PODS_PODFILE_DIR_PATH}/Podfile.lock",
				"${PODS_ROOT}/Manifest.lock",
			);
			name = "[CP] Check Pods Manifest.lock";
			outputFileListPaths = (
			);
			outputPaths = (
				"$(DERIVED_FILE_DIR)/Pods-TikTok-checkManifestLockResult.txt",
			);
			runOnlyForDeploymentPostprocessing = 0;
			shellPath = /bin/sh;
			shellScript = "diff \"${PODS_PODFILE_DIR_PATH}/Podfile.lock\" \"${PODS_ROOT}/Manifest.lock\" > /dev/null\nif [ $? != 0 ] ; then\n    # print error to STDERR\n    echo \"error: The sandbox is not in sync with the Podfile.lock. Run 'pod install' or update your CocoaPods installation.\" >&2\n    exit 1\nfi\n# This output is used by Xcode 'outputs' to avoid re-running this script phase.\necho \"SUCCESS\" > \"${SCRIPT_OUTPUT_FILE_0}\"\n";
			showEnvVarsInLog = 0;
		};
		9A89339C4E922D70F5BFE2B9 /* [CP] Embed Pods Frameworks */ = {
			isa = PBXShellScriptBuildPhase;
			buildActionMask = 2147483647;
			files = (
			);
			inputFileListPaths = (
				"${PODS_ROOT}/Target Support Files/Pods-TikTok/Pods-TikTok-frameworks-${CONFIGURATION}-input-files.xcfilelist",
			);
			name = "[CP] Embed Pods Frameworks";
			outputFileListPaths = (
				"${PODS_ROOT}/Target Support Files/Pods-TikTok/Pods-TikTok-frameworks-${CONFIGURATION}-output-files.xcfilelist",
			);
			runOnlyForDeploymentPostprocessing = 0;
			shellPath = /bin/sh;
			shellScript = "\"${PODS_ROOT}/Target Support Files/Pods-TikTok/Pods-TikTok-frameworks.sh\"\n";
			showEnvVarsInLog = 0;
		};
/* End PBXShellScriptBuildPhase section */

/* Begin PBXSourcesBuildPhase section */
		CEB9B793289B8EF900D7B514 /* Sources */ = {
			isa = PBXSourcesBuildPhase;
			buildActionMask = 2147483647;
			files = (
				CEB9B79F289B8EF900D7B514 /* ViewController.swift in Sources */,
				CEA8046928A237BA008C31E2 /* VideoTableViewCell.swift in Sources */,
				CEB9B79B289B8EF900D7B514 /* AppDelegate.swift in Sources */,
				CEB9B79D289B8EF900D7B514 /* SceneDelegate.swift in Sources */,
			);
			runOnlyForDeploymentPostprocessing = 0;
		};
/* End PBXSourcesBuildPhase section */

/* Begin PBXVariantGroup section */
		CEB9B7A0289B8EF900D7B514 /* Main.storyboard */ = {
			isa = PBXVariantGroup;
			children = (
				CEB9B7A1289B8EF900D7B514 /* Base */,
			);
			name = Main.storyboard;
			sourceTree = "<group>";
		};
		CEB9B7A5289B8EFC00D7B514 /* LaunchScreen.storyboard */ = {
			isa = PBXVariantGroup;
			children = (
				CEB9B7A6289B8EFC00D7B514 /* Base */,
			);
			name = LaunchScreen.storyboard;
			sourceTree = "<group>";
		};
/* End PBXVariantGroup section */

/* Begin XCBuildConfiguration section */
		CEB9B7A9289B8EFC00D7B514 /* Debug */ = {
			isa = XCBuildConfiguration;
			buildSettings = {
				ALWAYS_SEARCH_USER_PATHS = NO;
				CLANG_ANALYZER_NONNULL = YES;
				CLANG_ANALYZER_NUMBER_OBJECT_CONVERSION = YES_AGGRESSIVE;
				CLANG_CXX_LANGUAGE_STANDARD = "gnu++17";
				CLANG_CXX_LIBRARY = "libc++";
				CLANG_ENABLE_MODULES = YES;
				CLANG_ENABLE_OBJC_ARC = YES;
				CLANG_ENABLE_OBJC_WEAK = YES;
				CLANG_WARN_BLOCK_CAPTURE_AUTORELEASING = YES;
				CLANG_WARN_BOOL_CONVERSION = YES;
				CLANG_WARN_COMMA = YES;
				CLANG_WARN_CONSTANT_CONVERSION = YES;
				CLANG_WARN_DEPRECATED_OBJC_IMPLEMENTATIONS = YES;
				CLANG_WARN_DIRECT_OBJC_ISA_USAGE = YES_ERROR;
				CLANG_WARN_DOCUMENTATION_COMMENTS = YES;
				CLANG_WARN_EMPTY_BODY = YES;
				CLANG_WARN_ENUM_CONVERSION = YES;
				CLANG_WARN_INFINITE_RECURSION = YES;
				CLANG_WARN_INT_CONVERSION = YES;
				CLANG_WARN_NON_LITERAL_NULL_CONVERSION = YES;
				CLANG_WARN_OBJC_IMPLICIT_RETAIN_SELF = YES;
				CLANG_WARN_OBJC_LITERAL_CONVERSION = YES;
				CLANG_WARN_OBJC_ROOT_CLASS = YES_ERROR;
				CLANG_WARN_QUOTED_INCLUDE_IN_FRAMEWORK_HEADER = YES;
				CLANG_WARN_RANGE_LOOP_ANALYSIS = YES;
				CLANG_WARN_STRICT_PROTOTYPES = YES;
				CLANG_WARN_SUSPICIOUS_MOVE = YES;
				CLANG_WARN_UNGUARDED_AVAILABILITY = YES_AGGRESSIVE;
				CLANG_WARN_UNREACHABLE_CODE = YES;
				CLANG_WARN__DUPLICATE_METHOD_MATCH = YES;
				COPY_PHASE_STRIP = NO;
				DEBUG_INFORMATION_FORMAT = dwarf;
				ENABLE_STRICT_OBJC_MSGSEND = YES;
				ENABLE_TESTABILITY = YES;
				GCC_C_LANGUAGE_STANDARD = gnu11;
				GCC_DYNAMIC_NO_PIC = NO;
				GCC_NO_COMMON_BLOCKS = YES;
				GCC_OPTIMIZATION_LEVEL = 0;
				GCC_PREPROCESSOR_DEFINITIONS = (
					"DEBUG=1",
					"$(inherited)",
				);
				GCC_WARN_64_TO_32_BIT_CONVERSION = YES;
				GCC_WARN_ABOUT_RETURN_TYPE = YES_ERROR;
				GCC_WARN_UNDECLARED_SELECTOR = YES;
				GCC_WARN_UNINITIALIZED_AUTOS = YES_AGGRESSIVE;
				GCC_WARN_UNUSED_FUNCTION = YES;
				GCC_WARN_UNUSED_VARIABLE = YES;
				IPHONEOS_DEPLOYMENT_TARGET = 15.2;
				MTL_ENABLE_DEBUG_INFO = INCLUDE_SOURCE;
				MTL_FAST_MATH = YES;
				ONLY_ACTIVE_ARCH = YES;
				SDKROOT = iphoneos;
				SWIFT_ACTIVE_COMPILATION_CONDITIONS = DEBUG;
				SWIFT_OPTIMIZATION_LEVEL = "-Onone";
			};
			name = Debug;
		};
		CEB9B7AA289B8EFC00D7B514 /* Release */ = {
			isa = XCBuildConfiguration;
			buildSettings = {
				ALWAYS_SEARCH_USER_PATHS = NO;
				CLANG_ANALYZER_NONNULL = YES;
				CLANG_ANALYZER_NUMBER_OBJECT_CONVERSION = YES_AGGRESSIVE;
				CLANG_CXX_LANGUAGE_STANDARD = "gnu++17";
				CLANG_CXX_LIBRARY = "libc++";
				CLANG_ENABLE_MODULES = YES;
				CLANG_ENABLE_OBJC_ARC = YES;
				CLANG_ENABLE_OBJC_WEAK = YES;
				CLANG_WARN_BLOCK_CAPTURE_AUTORELEASING = YES;
				CLANG_WARN_BOOL_CONVERSION = YES;
				CLANG_WARN_COMMA = YES;
				CLANG_WARN_CONSTANT_CONVERSION = YES;
				CLANG_WARN_DEPRECATED_OBJC_IMPLEMENTATIONS = YES;
				CLANG_WARN_DIRECT_OBJC_ISA_USAGE = YES_ERROR;
				CLANG_WARN_DOCUMENTATION_COMMENTS = YES;
				CLANG_WARN_EMPTY_BODY = YES;
				CLANG_WARN_ENUM_CONVERSION = YES;
				CLANG_WARN_INFINITE_RECURSION = YES;
				CLANG_WARN_INT_CONVERSION = YES;
				CLANG_WARN_NON_LITERAL_NULL_CONVERSION = YES;
				CLANG_WARN_OBJC_IMPLICIT_RETAIN_SELF = YES;
				CLANG_WARN_OBJC_LITERAL_CONVERSION = YES;
				CLANG_WARN_OBJC_ROOT_CLASS = YES_ERROR;
				CLANG_WARN_QUOTED_INCLUDE_IN_FRAMEWORK_HEADER = YES;
				CLANG_WARN_RANGE_LOOP_ANALYSIS = YES;
				CLANG_WARN_STRICT_PROTOTYPES = YES;
				CLANG_WARN_SUSPICIOUS_MOVE = YES;
				CLANG_WARN_UNGUARDED_AVAILABILITY = YES_AGGRESSIVE;
				CLANG_WARN_UNREACHABLE_CODE = YES;
				CLANG_WARN__DUPLICATE_METHOD_MATCH = YES;
				COPY_PHASE_STRIP = NO;
				DEBUG_INFORMATION_FORMAT = "dwarf-with-dsym";
				ENABLE_NS_ASSERTIONS = NO;
				ENABLE_STRICT_OBJC_MSGSEND = YES;
				GCC_C_LANGUAGE_STANDARD = gnu11;
				GCC_NO_COMMON_BLOCKS = YES;
				GCC_WARN_64_TO_32_BIT_CONVERSION = YES;
				GCC_WARN_ABOUT_RETURN_TYPE = YES_ERROR;
				GCC_WARN_UNDECLARED_SELECTOR = YES;
				GCC_WARN_UNINITIALIZED_AUTOS = YES_AGGRESSIVE;
				GCC_WARN_UNUSED_FUNCTION = YES;
				GCC_WARN_UNUSED_VARIABLE = YES;
				IPHONEOS_DEPLOYMENT_TARGET = 15.2;
				MTL_ENABLE_DEBUG_INFO = NO;
				MTL_FAST_MATH = YES;
				SDKROOT = iphoneos;
				SWIFT_COMPILATION_MODE = wholemodule;
				SWIFT_OPTIMIZATION_LEVEL = "-O";
				VALIDATE_PRODUCT = YES;
			};
			name = Release;
		};
		CEB9B7AC289B8EFC00D7B514 /* Debug */ = {
			isa = XCBuildConfiguration;
			baseConfigurationReference = 1C45D4C84E1BADE13BE5CD72 /* Pods-TikTok.debug.xcconfig */;
			buildSettings = {
				ASSETCATALOG_COMPILER_APPICON_NAME = AppIcon;
				ASSETCATALOG_COMPILER_GLOBAL_ACCENT_COLOR_NAME = AccentColor;
				CODE_SIGN_STYLE = Automatic;
				CURRENT_PROJECT_VERSION = 1;
				DEVELOPMENT_TEAM = 7PAYMRGF6V;
				GENERATE_INFOPLIST_FILE = YES;
				INFOPLIST_FILE = TikTok/Info.plist;
				INFOPLIST_KEY_UIApplicationSupportsIndirectInputEvents = YES;
				INFOPLIST_KEY_UILaunchStoryboardName = LaunchScreen;
				INFOPLIST_KEY_UIMainStoryboardFile = Main;
				INFOPLIST_KEY_UISupportedInterfaceOrientations_iPad = "UIInterfaceOrientationPortrait UIInterfaceOrientationPortraitUpsideDown UIInterfaceOrientationLandscapeLeft UIInterfaceOrientationLandscapeRight";
				INFOPLIST_KEY_UISupportedInterfaceOrientations_iPhone = "UIInterfaceOrientationPortrait UIInterfaceOrientationLandscapeLeft UIInterfaceOrientationLandscapeRight";
				LD_RUNPATH_SEARCH_PATHS = (
					"$(inherited)",
					"@executable_path/Frameworks",
				);
				MARKETING_VERSION = 1.0;
				PRODUCT_BUNDLE_IDENTIFIER = SPA.TikTok;
				PRODUCT_NAME = "$(TARGET_NAME)";
				SWIFT_EMIT_LOC_STRINGS = YES;
				SWIFT_VERSION = 5.0;
				TARGETED_DEVICE_FAMILY = "1,2";
			};
			name = Debug;
		};
		CEB9B7AD289B8EFC00D7B514 /* Release */ = {
			isa = XCBuildConfiguration;
			baseConfigurationReference = 85EE94C18816DB53DD62ACB1 /* Pods-TikTok.release.xcconfig */;
			buildSettings = {
				ASSETCATALOG_COMPILER_APPICON_NAME = AppIcon;
				ASSETCATALOG_COMPILER_GLOBAL_ACCENT_COLOR_NAME = AccentColor;
				CODE_SIGN_STYLE = Automatic;
				CURRENT_PROJECT_VERSION = 1;
				DEVELOPMENT_TEAM = 7PAYMRGF6V;
				GENERATE_INFOPLIST_FILE = YES;
				INFOPLIST_FILE = TikTok/Info.plist;
				INFOPLIST_KEY_UIApplicationSupportsIndirectInputEvents = YES;
				INFOPLIST_KEY_UILaunchStoryboardName = LaunchScreen;
				INFOPLIST_KEY_UIMainStoryboardFile = Main;
				INFOPLIST_KEY_UISupportedInterfaceOrientations_iPad = "UIInterfaceOrientationPortrait UIInterfaceOrientationPortraitUpsideDown UIInterfaceOrientationLandscapeLeft UIInterfaceOrientationLandscapeRight";
				INFOPLIST_KEY_UISupportedInterfaceOrientations_iPhone = "UIInterfaceOrientationPortrait UIInterfaceOrientationLandscapeLeft UIInterfaceOrientationLandscapeRight";
				LD_RUNPATH_SEARCH_PATHS = (
					"$(inherited)",
					"@executable_path/Frameworks",
				);
				MARKETING_VERSION = 1.0;
				PRODUCT_BUNDLE_IDENTIFIER = SPA.TikTok;
				PRODUCT_NAME = "$(TARGET_NAME)";
				SWIFT_EMIT_LOC_STRINGS = YES;
				SWIFT_VERSION = 5.0;
				TARGETED_DEVICE_FAMILY = "1,2";
			};
			name = Release;
		};
/* End XCBuildConfiguration section */

/* Begin XCConfigurationList section */
		CEB9B792289B8EF900D7B514 /* Build configuration list for PBXProject "TikTok" */ = {
			isa = XCConfigurationList;
			buildConfigurations = (
				CEB9B7A9289B8EFC00D7B514 /* Debug */,
				CEB9B7AA289B8EFC00D7B514 /* Release */,
			);
			defaultConfigurationIsVisible = 0;
			defaultConfigurationName = Release;
		};
		CEB9B7AB289B8EFC00D7B514 /* Build configuration list for PBXNativeTarget "TikTok" */ = {
			isa = XCConfigurationList;
			buildConfigurations = (
				CEB9B7AC289B8EFC00D7B514 /* Debug */,
				CEB9B7AD289B8EFC00D7B514 /* Release */,
			);
			defaultConfigurationIsVisible = 0;
			defaultConfigurationName = Release;
		};
/* End XCConfigurationList section */
	};
	rootObject = CEB9B78F289B8EF900D7B514 /* Project object */;
}
